
Microsoft Visual Studio Solution File, Format Version 12.00
# Visual Studio Version 16
VisualStudioVersion = 16.0.29613.14
MinimumVisualStudioVersion = 10.0.40219.1
Project("{2150E333-8FDC-42A3-9474-1A3956D46DE8}") = "src", "src", "{3B1444E7-4308-45DA-86C7-81E09E9DEBD7}"
EndProject
Project("{2150E333-8FDC-42A3-9474-1A3956D46DE8}") = "Solution Items", "Solution Items", "{4A7478FE-7DC4-4340-BFBE-5462BCD7D82D}"
	ProjectSection(SolutionItems) = preProject
		.editorconfig = .editorconfig
		.gitignore = .gitignore
		Directory.Build.props = Directory.Build.props
		LICENSE = LICENSE
	EndProjectSection
EndProject
Project("{9A19103F-16F7-4668-BE54-9A1E7A4F7556}") = "ACME.Server", "src\ACME.Server\ACME.Server.csproj", "{F36B50AD-A744-4D38-B7CE-54985FB7EDA2}"
EndProject
Project("{9A19103F-16F7-4668-BE54-9A1E7A4F7556}") = "ACME.Storage.FileStore", "src\ACME.Storage.FileStore\ACME.Storage.FileStore.csproj", "{50D889A9-0928-42E0-B726-8CE9CF3DBF41}"
EndProject
Project("{9A19103F-16F7-4668-BE54-9A1E7A4F7556}") = "ACME.Protocol", "src\ACME.Protocol\ACME.Protocol.csproj", "{8F90EA50-F781-4ADA-94DD-C5D065316318}"
EndProject
Project("{9A19103F-16F7-4668-BE54-9A1E7A4F7556}") = "ACME.Protocol.Model", "src\ACME.Protocol.Model\ACME.Protocol.Model.csproj", "{026ACE0F-AAC7-4AB0-B2CF-0722044552F0}"
EndProject
Global
	GlobalSection(SolutionConfigurationPlatforms) = preSolution
		Debug|Any CPU = Debug|Any CPU
		Release|Any CPU = Release|Any CPU
	EndGlobalSection
	GlobalSection(ProjectConfigurationPlatforms) = postSolution
		{F36B50AD-A744-4D38-B7CE-54985FB7EDA2}.Debug|Any CPU.ActiveCfg = Debug|Any CPU
		{F36B50AD-A744-4D38-B7CE-54985FB7EDA2}.Debug|Any CPU.Build.0 = Debug|Any CPU
		{F36B50AD-A744-4D38-B7CE-54985FB7EDA2}.Release|Any CPU.ActiveCfg = Release|Any CPU
		{F36B50AD-A744-4D38-B7CE-54985FB7EDA2}.Release|Any CPU.Build.0 = Release|Any CPU
		{50D889A9-0928-42E0-B726-8CE9CF3DBF41}.Debug|Any CPU.ActiveCfg = Debug|Any CPU
		{50D889A9-0928-42E0-B726-8CE9CF3DBF41}.Debug|Any CPU.Build.0 = Debug|Any CPU
		{50D889A9-0928-42E0-B726-8CE9CF3DBF41}.Release|Any CPU.ActiveCfg = Release|Any CPU
		{50D889A9-0928-42E0-B726-8CE9CF3DBF41}.Release|Any CPU.Build.0 = Release|Any CPU
		{8F90EA50-F781-4ADA-94DD-C5D065316318}.Debug|Any CPU.ActiveCfg = Debug|Any CPU
		{8F90EA50-F781-4ADA-94DD-C5D065316318}.Debug|Any CPU.Build.0 = Debug|Any CPU
		{8F90EA50-F781-4ADA-94DD-C5D065316318}.Release|Any CPU.ActiveCfg = Release|Any CPU
		{8F90EA50-F781-4ADA-94DD-C5D065316318}.Release|Any CPU.Build.0 = Release|Any CPU
		{026ACE0F-AAC7-4AB0-B2CF-0722044552F0}.Debug|Any CPU.ActiveCfg = Debug|Any CPU
		{026ACE0F-AAC7-4AB0-B2CF-0722044552F0}.Debug|Any CPU.Build.0 = Debug|Any CPU
		{026ACE0F-AAC7-4AB0-B2CF-0722044552F0}.Release|Any CPU.ActiveCfg = Release|Any CPU
		{026ACE0F-AAC7-4AB0-B2CF-0722044552F0}.Release|Any CPU.Build.0 = Release|Any CPU
	EndGlobalSection
	GlobalSection(SolutionProperties) = preSolution
		HideSolutionNode = FALSE
	EndGlobalSection
	GlobalSection(NestedProjects) = preSolution
		{F36B50AD-A744-4D38-B7CE-54985FB7EDA2} = {3B1444E7-4308-45DA-86C7-81E09E9DEBD7}
		{50D889A9-0928-42E0-B726-8CE9CF3DBF41} = {3B1444E7-4308-45DA-86C7-81E09E9DEBD7}
		{8F90EA50-F781-4ADA-94DD-C5D065316318} = {3B1444E7-4308-45DA-86C7-81E09E9DEBD7}
		{026ACE0F-AAC7-4AB0-B2CF-0722044552F0} = {3B1444E7-4308-45DA-86C7-81E09E9DEBD7}
	EndGlobalSection
	GlobalSection(ExtensibilityGlobals) = postSolution
		SolutionGuid = {330785C1-6C3F-413B-9FF2-3AEAB1B70379}
	EndGlobalSection
EndGlobal
